PODS:
  - AFNetworking (3.1.0):
    - AFNetworking/NSURLSession (= 3.1.0)
    - AFNetworking/Reachability (= 3.1.0)
    - AFNetworking/Security (= 3.1.0)
    - AFNetworking/Serialization (= 3.1.0)
    - AFNetworking/UIKit (= 3.1.0)
  - AFNetworking/NSURLSession (3.1.0):
    - AFNetworking/Reachability
    - AFNetworking/Security
    - AFNetworking/Serialization
  - AFNetworking/Reachability (3.1.0)
  - AFNetworking/Security (3.1.0)
  - AFNetworking/Serialization (3.1.0)
  - AFNetworking/UIKit (3.1.0):
    - AFNetworking/NSURLSession
  - CYLTabBarController (1.17.6)
  - R.objc (0.6.0)
  - WoodPeckeriOS (1.0.6)
  - wpxmlrpc (0.8.3)

DEPENDENCIES:
  - AFNetworking
  - CYLTabBarController
  - R.objc
  - WoodPeckeriOS
  - wpxmlrpc

SPEC REPOS:
  https://github.com/cocoapods/specs.git:
    - AFNetworking
    - CYLTabBarController
    - R.objc
    - WoodPeckeriOS
    - wpxmlrpc

SPEC CHECKSUMS:
  AFNetworking: 5e0e199f73d8626b11e79750991f5d173d1f8b67
  CYLTabBarController: c374643dea6dadece8bdff9c70f7387f8ffd7d08
  R.objc: b094ae8687e3e1ee1c1955b3faf015681b1d2397
  WoodPeckeriOS: 0edc017a604ea8d71660bc8bc971e7a0cd19e6d0
  wpxmlrpc: bfc572f62ce7ee897f6f38b098d2ba08732ecef4

PODFILE CHECKSUM: 806d02da41b87349aa8105cc0f8bae4b421e688f

COCOAPODS: 1.5.2
