PODS:
  - AFNetworking (3.1.0):
    - AFNetworking/NSURLSession (= 3.1.0)
    - AFNetworking/Reachability (= 3.1.0)
    - AFNetworking/Security (= 3.1.0)
    - AFNetworking/Serialization (= 3.1.0)
    - AFNetworking/UIKit (= 3.1.0)
  - AFNetworking/NSURLSession (3.1.0):
    - AFNetworking/Reachability
    - AFNetworking/Security
    - AFNetworking/Serialization
  - AFNetworking/Reachability (3.1.0)
  - AFNetworking/Security (3.1.0)
  - AFNetworking/Serialization (3.1.0)
  - AFNetworking/UIKit (3.1.0):
    - AFNetworking/NSURLSession
  - CYLTabBarController (1.13.1)
  - wpxmlrpc (0.8.3)

DEPENDENCIES:
  - AFNetworking
  - CYLTabBarController
  - wpxmlrpc

SPEC CHECKSUMS:
  AFNetworking: 5e0e199f73d8626b11e79750991f5d173d1f8b67
  CYLTabBarController: 97f6b486f9e6c613d69e9c111cc9c2c5db7000ce
  wpxmlrpc: bfc572f62ce7ee897f6f38b098d2ba08732ecef4

PODFILE CHECKSUM: c2e2fd11edffc90bc7e9cf36d8927ae6517ed739

COCOAPODS: 1.1.1
